Microsoft Visual Studio Solution File, Format Version 12.00
# Visual Studio 2012
Project("{2150E333-8FDC-42A3-9474-1A3956D46DE8}") = ".paket", ".paket", "{B088C6A9-193C-4787-80B5-BC27D9EADFC9}"
	ProjectSection(SolutionItems) = preProject
		paket.dependencies = paket.dependencies
	EndProjectSection
EndProject
Project("{F2A71F9B-5D33-465A-A702-920D77279786}") = "CCTray", "CCTray\CCTray.fsproj", "{5EEB080D-3556-4224-9571-AA195754B815}"
EndProject
Project("{2150E333-8FDC-42A3-9474-1A3956D46DE8}") = "build", "build", "{D2C09CA3-0F53-4DF1-B7CD-D23190790596}"
	ProjectSection(SolutionItems) = preProject
		build.bat = build.bat
		build.fsx = build.fsx
	EndProjectSection
EndProject
Global
	GlobalSection(SolutionConfigurationPlatforms) = preSolution
		Debug|Any CPU = Debug|Any CPU
		Release|Any CPU = Release|Any CPU
	EndGlobalSection
	GlobalSection(ProjectConfigurationPlatforms) = postSolution
		{5EEB080D-3556-4224-9571-AA195754B815}.Debug|Any CPU.ActiveCfg = Debug|Any CPU
		{5EEB080D-3556-4224-9571-AA195754B815}.Debug|Any CPU.Build.0 = Debug|Any CPU
		{5EEB080D-3556-4224-9571-AA195754B815}.Release|Any CPU.ActiveCfg = Release|Any CPU
		{5EEB080D-3556-4224-9571-AA195754B815}.Release|Any CPU.Build.0 = Release|Any CPU
	EndGlobalSection
	GlobalSection(SolutionProperties) = preSolution
		HideSolutionNode = FALSE
	EndGlobalSection
EndGlobal
